
Microsoft Visual Studio Solution File, Format Version 12.00
# Visual Studio Version 18
VisualStudioVersion = 18.0.0.0
MinimumVisualStudioVersion = 10.0.40219.1
Project("{FAE04EC0-301F-11D3-BF4B-00C04F79EFBC}") = "InsureFlow.Shared.Kernel", "src\BuildingBlocks\InsureFlow.Shared.Kernel\InsureFlow.Shared.Kernel.csproj", "{B1E7A2C4-1A6B-4D2F-8F6A-111111111111}"
EndProject
Project("{FAE04EC0-301F-11D3-BF4B-00C04F79EFBC}") = "InsureFlow.PropostaService.Domain", "src\Services\PropostaService\InsureFlow.PropostaService.Domain\InsureFlow.PropostaService.Domain.csproj", "{B1E7A2C4-1A6B-4D2F-8F6A-222222222222}"
EndProject
Project("{FAE04EC0-301F-11D3-BF4B-00C04F79EFBC}") = "InsureFlow.PropostaService.Application", "src\Services\PropostaService\InsureFlow.PropostaService.Application\InsureFlow.PropostaService.Application.csproj", "{B1E7A2C4-1A6B-4D2F-8F6A-333333333333}"
EndProject
Project("{FAE04EC0-301F-11D3-BF4B-00C04F79EFBC}") = "InsureFlow.PropostaService.Infrastructure", "src\Services\PropostaService\InsureFlow.PropostaService.Infrastructure\InsureFlow.PropostaService.Infrastructure.csproj", "{B1E7A2C4-1A6B-4D2F-8F6A-444444444444}"
EndProject
Project("{FAE04EC0-301F-11D3-BF4B-00C04F79EFBC}") = "InsureFlow.PropostaService.Api", "src\Services\PropostaService\InsureFlow.PropostaService.Api\InsureFlow.PropostaService.Api.csproj", "{B1E7A2C4-1A6B-4D2F-8F6A-555555555555}"
EndProject
Project("{FAE04EC0-301F-11D3-BF4B-00C04F79EFBC}") = "PropostaService.UnitTests", "tests\PropostaService.UnitTests\PropostaService.UnitTests.csproj", "{B1E7A2C4-1A6B-4D2F-8F6A-666666666666}"
EndProject
Project("{FAE04EC0-301F-11D3-BF4B-00C04F79EFBC}") = "InsureFlow.ContratacaoService.Api", "src\Services\ContratacaoService\InsureFlow.ContratacaoService.Api\InsureFlow.ContratacaoService.Api.csproj", "{5110177E-FD38-8ACE-74BC-04D867832ED1}"
EndProject
Project("{FAE04EC0-301F-11D3-BF4B-00C04F79EFBC}") = "InsureFlow.ContratacaoService.Application", "src\Services\ContratacaoService\InsureFlow.ContratacaoService.Application\InsureFlow.ContratacaoService.Application.csproj", "{15061949-DE66-72EF-2895-A700C48687DB}"
EndProject
Project("{FAE04EC0-301F-11D3-BF4B-00C04F79EFBC}") = "InsureFlow.ContratacaoService.Domain", "src\Services\ContratacaoService\InsureFlow.ContratacaoService.Domain\InsureFlow.ContratacaoService.Domain.csproj", "{858D3081-C8F0-B0CF-E9A7-F3A46CCEEC86}"
EndProject
Project("{FAE04EC0-301F-11D3-BF4B-00C04F79EFBC}") = "InsureFlow.ContratacaoService.Infrastructure", "src\Services\ContratacaoService\InsureFlow.ContratacaoService.Infrastructure\InsureFlow.ContratacaoService.Infrastructure.csproj", "{26594970-32B4-230F-0FEE-586148386052}"
EndProject
Global
	GlobalSection(SolutionConfigurationPlatforms) = preSolution
		Debug|Any CPU = Debug|Any CPU
		Release|Any CPU = Release|Any CPU
	EndGlobalSection
	GlobalSection(ProjectConfigurationPlatforms) = postSolution
		{B1E7A2C4-1A6B-4D2F-8F6A-111111111111}.Debug|Any CPU.ActiveCfg = Debug|Any CPU
		{B1E7A2C4-1A6B-4D2F-8F6A-111111111111}.Debug|Any CPU.Build.0 = Debug|Any CPU
		{B1E7A2C4-1A6B-4D2F-8F6A-111111111111}.Release|Any CPU.ActiveCfg = Release|Any CPU
		{B1E7A2C4-1A6B-4D2F-8F6A-111111111111}.Release|Any CPU.Build.0 = Release|Any CPU
		{B1E7A2C4-1A6B-4D2F-8F6A-222222222222}.Debug|Any CPU.ActiveCfg = Debug|Any CPU
		{B1E7A2C4-1A6B-4D2F-8F6A-222222222222}.Debug|Any CPU.Build.0 = Debug|Any CPU
		{B1E7A2C4-1A6B-4D2F-8F6A-222222222222}.Release|Any CPU.ActiveCfg = Release|Any CPU
		{B1E7A2C4-1A6B-4D2F-8F6A-222222222222}.Release|Any CPU.Build.0 = Release|Any CPU
		{B1E7A2C4-1A6B-4D2F-8F6A-333333333333}.Debug|Any CPU.ActiveCfg = Debug|Any CPU
		{B1E7A2C4-1A6B-4D2F-8F6A-333333333333}.Debug|Any CPU.Build.0 = Debug|Any CPU
		{B1E7A2C4-1A6B-4D2F-8F6A-333333333333}.Release|Any CPU.ActiveCfg = Release|Any CPU
		{B1E7A2C4-1A6B-4D2F-8F6A-333333333333}.Release|Any CPU.Build.0 = Release|Any CPU
		{B1E7A2C4-1A6B-4D2F-8F6A-444444444444}.Debug|Any CPU.ActiveCfg = Debug|Any CPU
		{B1E7A2C4-1A6B-4D2F-8F6A-444444444444}.Debug|Any CPU.Build.0 = Debug|Any CPU
		{B1E7A2C4-1A6B-4D2F-8F6A-444444444444}.Release|Any CPU.ActiveCfg = Release|Any CPU
		{B1E7A2C4-1A6B-4D2F-8F6A-444444444444}.Release|Any CPU.Build.0 = Release|Any CPU
		{B1E7A2C4-1A6B-4D2F-8F6A-555555555555}.Debug|Any CPU.ActiveCfg = Debug|Any CPU
		{B1E7A2C4-1A6B-4D2F-8F6A-555555555555}.Debug|Any CPU.Build.0 = Debug|Any CPU
		{B1E7A2C4-1A6B-4D2F-8F6A-555555555555}.Release|Any CPU.ActiveCfg = Release|Any CPU
		{B1E7A2C4-1A6B-4D2F-8F6A-555555555555}.Release|Any CPU.Build.0 = Release|Any CPU
		{B1E7A2C4-1A6B-4D2F-8F6A-666666666666}.Debug|Any CPU.ActiveCfg = Debug|Any CPU
		{B1E7A2C4-1A6B-4D2F-8F6A-666666666666}.Debug|Any CPU.Build.0 = Debug|Any CPU
		{B1E7A2C4-1A6B-4D2F-8F6A-666666666666}.Release|Any CPU.ActiveCfg = Release|Any CPU
		{B1E7A2C4-1A6B-4D2F-8F6A-666666666666}.Release|Any CPU.Build.0 = Release|Any CPU
		{5110177E-FD38-8ACE-74BC-04D867832ED1}.Debug|Any CPU.ActiveCfg = Debug|Any CPU
		{5110177E-FD38-8ACE-74BC-04D867832ED1}.Debug|Any CPU.Build.0 = Debug|Any CPU
		{5110177E-FD38-8ACE-74BC-04D867832ED1}.Release|Any CPU.ActiveCfg = Release|Any CPU
		{5110177E-FD38-8ACE-74BC-04D867832ED1}.Release|Any CPU.Build.0 = Release|Any CPU
		{15061949-DE66-72EF-2895-A700C48687DB}.Debug|Any CPU.ActiveCfg = Debug|Any CPU
		{15061949-DE66-72EF-2895-A700C48687DB}.Debug|Any CPU.Build.0 = Debug|Any CPU
		{15061949-DE66-72EF-2895-A700C48687DB}.Release|Any CPU.ActiveCfg = Release|Any CPU
		{15061949-DE66-72EF-2895-A700C48687DB}.Release|Any CPU.Build.0 = Release|Any CPU
		{858D3081-C8F0-B0CF-E9A7-F3A46CCEEC86}.Debug|Any CPU.ActiveCfg = Debug|Any CPU
		{858D3081-C8F0-B0CF-E9A7-F3A46CCEEC86}.Debug|Any CPU.Build.0 = Debug|Any CPU
		{858D3081-C8F0-B0CF-E9A7-F3A46CCEEC86}.Release|Any CPU.ActiveCfg = Release|Any CPU
		{858D3081-C8F0-B0CF-E9A7-F3A46CCEEC86}.Release|Any CPU.Build.0 = Release|Any CPU
		{26594970-32B4-230F-0FEE-586148386052}.Debug|Any CPU.ActiveCfg = Debug|Any CPU
		{26594970-32B4-230F-0FEE-586148386052}.Debug|Any CPU.Build.0 = Debug|Any CPU
		{26594970-32B4-230F-0FEE-586148386052}.Release|Any CPU.ActiveCfg = Release|Any CPU
		{26594970-32B4-230F-0FEE-586148386052}.Release|Any CPU.Build.0 = Release|Any CPU
	EndGlobalSection
	GlobalSection(SolutionProperties) = preSolution
		HideSolutionNode = FALSE
	EndGlobalSection
	GlobalSection(ExtensibilityGlobals) = postSolution
		SolutionGuid = {7CC3CAEF-13B8-4B61-918B-46C8468B3E2B}
	EndGlobalSection
EndGlobal
